
Microsoft Visual Studio Solution File, Format Version 12.00
# Visual Studio Version 16
VisualStudioVersion = 16.0.810.14
MinimumVisualStudioVersion = 10.0.40219.1
Project("{FAE04EC0-301F-11D3-BF4B-00C04F79EFBC}") = "MetaLiteApi", "MetaLiteApi\MetaLiteApi.csproj", "{C6E7D779-8B19-4514-BF97-0746445BCEBE}"
EndProject
Global
	GlobalSection(SolutionConfigurationPlatforms) = preSolution
		Debug|Any CPU = Debug|Any CPU
		Release|Any CPU = Release|Any CPU
	EndGlobalSection
	GlobalSection(ProjectConfigurationPlatforms) = postSolution
		{C6E7D779-8B19-4514-BF97-0746445BCEBE}.Debug|Any CPU.ActiveCfg = Debug|Any CPU
		{C6E7D779-8B19-4514-BF97-0746445BCEBE}.Debug|Any CPU.Build.0 = Debug|Any CPU
		{C6E7D779-8B19-4514-BF97-0746445BCEBE}.Release|Any CPU.ActiveCfg = Release|Any CPU
		{C6E7D779-8B19-4514-BF97-0746445BCEBE}.Release|Any CPU.Build.0 = Release|Any CPU
	EndGlobalSection
	GlobalSection(SolutionProperties) = preSolution
		HideSolutionNode = FALSE
	EndGlobalSection
	GlobalSection(ExtensibilityGlobals) = postSolution
		SolutionGuid = {8AA846E3-5442-49D0-B4EE-D9EEB254D072}
	EndGlobalSection
EndGlobal
